
Microsoft Visual Studio Solution File, Format Version 12.00
# Visual Studio Version 16
VisualStudioVersion = 16.0.30907.101
MinimumVisualStudioVersion = 10.0.40219.1
Project("{FAE04EC0-301F-11D3-BF4B-00C04F79EFBC}") = "uuc", "uuc\uuc.csproj", "{CC858793-2402-499C-B417-A2A41376499E}"
EndProject
Global
	GlobalSection(SolutionConfigurationPlatforms) = preSolution
		Debug|Any CPU = Debug|Any CPU
		Release|Any CPU = Release|Any CPU
	EndGlobalSection
	GlobalSection(ProjectConfigurationPlatforms) = postSolution
		{CC858793-2402-499C-B417-A2A41376499E}.Debug|Any CPU.ActiveCfg = Debug|Any CPU
		{CC858793-2402-499C-B417-A2A41376499E}.Debug|Any CPU.Build.0 = Debug|Any CPU
		{CC858793-2402-499C-B417-A2A41376499E}.Release|Any CPU.ActiveCfg = Release|Any CPU
		{CC858793-2402-499C-B417-A2A41376499E}.Release|Any CPU.Build.0 = Release|Any CPU
	EndGlobalSection
	GlobalSection(SolutionProperties) = preSolution
		HideSolutionNode = FALSE
	EndGlobalSection
	GlobalSection(ExtensibilityGlobals) = postSolution
		SolutionGuid = {FB6C1F1D-DA66-49A5-8671-A237528AD0C9}
	EndGlobalSection
EndGlobal
